
Microsoft Visual Studio Solution File, Format Version 12.00
# Visual Studio 15
VisualStudioVersion = 15.0.28307.102
MinimumVisualStudioVersion = 10.0.40219.1
Project("{FAE04EC0-301F-11D3-BF4B-00C04F79EFBC}") = "EsteCarII", "EsteCarII\EsteCarII.csproj", "{4DDAB1BE-29C2-42DF-81E3-A8C1736687E9}"
EndProject
Global
	GlobalSection(SolutionConfigurationPlatforms) = preSolution
		Debug|Any CPU = Debug|Any CPU
		Release|Any CPU = Release|Any CPU
	EndGlobalSection
	GlobalSection(ProjectConfigurationPlatforms) = postSolution
		{4DDAB1BE-29C2-42DF-81E3-A8C1736687E9}.Debug|Any CPU.ActiveCfg = Debug|Any CPU
		{4DDAB1BE-29C2-42DF-81E3-A8C1736687E9}.Debug|Any CPU.Build.0 = Debug|Any CPU
		{4DDAB1BE-29C2-42DF-81E3-A8C1736687E9}.Release|Any CPU.ActiveCfg = Release|Any CPU
		{4DDAB1BE-29C2-42DF-81E3-A8C1736687E9}.Release|Any CPU.Build.0 = Release|Any CPU
	EndGlobalSection
	GlobalSection(SolutionProperties) = preSolution
		HideSolutionNode = FALSE
	EndGlobalSection
	GlobalSection(ExtensibilityGlobals) = postSolution
		SolutionGuid = {0B97E75D-6EFF-4F2D-AEE4-B0ADCBBEFA8B}
	EndGlobalSection
EndGlobal
