
Microsoft Visual Studio Solution File, Format Version 12.00
# Visual Studio 15
VisualStudioVersion = 15.0.28307.102
MinimumVisualStudioVersion = 10.0.40219.1
Project("{9A19103F-16F7-4668-BE54-9A1E7A4F7556}") = "EsteCarII", "EsteCarII\EsteCarII.csproj", "{4DDAB1BE-29C2-42DF-81E3-A8C1736687E9}"
EndProject
Project("{FAE04EC0-301F-11D3-BF4B-00C04F79EFBC}") = "EsteCarIITest", "EsteCarIITest\EsteCarIITest.csproj", "{353013E9-1DF7-4462-827B-FD2FA351864F}"
EndProject
Project("{2150E333-8FDC-42A3-9474-1A3956D46DE8}") = "tests", "tests", "{2E27BC68-4BD0-4D3C-A4B5-43B78C8946E2}"
EndProject
Global
	GlobalSection(SolutionConfigurationPlatforms) = preSolution
		Debug|Any CPU = Debug|Any CPU
		Release|Any CPU = Release|Any CPU
	EndGlobalSection
	GlobalSection(ProjectConfigurationPlatforms) = postSolution
		{4DDAB1BE-29C2-42DF-81E3-A8C1736687E9}.Debug|Any CPU.ActiveCfg = Debug|Any CPU
		{4DDAB1BE-29C2-42DF-81E3-A8C1736687E9}.Debug|Any CPU.Build.0 = Debug|Any CPU
		{4DDAB1BE-29C2-42DF-81E3-A8C1736687E9}.Release|Any CPU.ActiveCfg = Release|Any CPU
		{4DDAB1BE-29C2-42DF-81E3-A8C1736687E9}.Release|Any CPU.Build.0 = Release|Any CPU
		{353013E9-1DF7-4462-827B-FD2FA351864F}.Debug|Any CPU.ActiveCfg = Debug|Any CPU
		{353013E9-1DF7-4462-827B-FD2FA351864F}.Debug|Any CPU.Build.0 = Debug|Any CPU
		{353013E9-1DF7-4462-827B-FD2FA351864F}.Release|Any CPU.ActiveCfg = Release|Any CPU
		{353013E9-1DF7-4462-827B-FD2FA351864F}.Release|Any CPU.Build.0 = Release|Any CPU
	EndGlobalSection
	GlobalSection(SolutionProperties) = preSolution
		HideSolutionNode = FALSE
	EndGlobalSection
	GlobalSection(NestedProjects) = preSolution
		{353013E9-1DF7-4462-827B-FD2FA351864F} = {2E27BC68-4BD0-4D3C-A4B5-43B78C8946E2}
	EndGlobalSection
	GlobalSection(ExtensibilityGlobals) = postSolution
		SolutionGuid = {0B97E75D-6EFF-4F2D-AEE4-B0ADCBBEFA8B}
	EndGlobalSection
EndGlobal
