
Microsoft Visual Studio Solution File, Format Version 12.00
# Visual Studio 15
VisualStudioVersion = 15.0.28307.102
MinimumVisualStudioVersion = 10.0.40219.1
Project("{9A19103F-16F7-4668-BE54-9A1E7A4F7556}") = "EsteCarIIILibrary", "EsteCarIIILibrary\EsteCarIIILibrary.csproj", "{2818E34C-1633-4585-9B99-7CDA9B8AC081}"
EndProject
Project("{9A19103F-16F7-4668-BE54-9A1E7A4F7556}") = "EsteCarIIIWebApi", "EsteCarIIIWebApi\EsteCarIIIWebApi.csproj", "{C3D4444A-72DB-4BF9-8CCB-A9BAEF544E2E}"
EndProject
Project("{9A19103F-16F7-4668-BE54-9A1E7A4F7556}") = "EsteCarIIIClient", "EsteCarIIIClient\EsteCarIIIClient.csproj", "{CB59ECC0-3A33-4195-A0C7-21A8D9B42830}"
EndProject
Global
	GlobalSection(SolutionConfigurationPlatforms) = preSolution
		Debug|Any CPU = Debug|Any CPU
		Release|Any CPU = Release|Any CPU
	EndGlobalSection
	GlobalSection(ProjectConfigurationPlatforms) = postSolution
		{2818E34C-1633-4585-9B99-7CDA9B8AC081}.Debug|Any CPU.ActiveCfg = Debug|Any CPU
		{2818E34C-1633-4585-9B99-7CDA9B8AC081}.Debug|Any CPU.Build.0 = Debug|Any CPU
		{2818E34C-1633-4585-9B99-7CDA9B8AC081}.Release|Any CPU.ActiveCfg = Release|Any CPU
		{2818E34C-1633-4585-9B99-7CDA9B8AC081}.Release|Any CPU.Build.0 = Release|Any CPU
		{C3D4444A-72DB-4BF9-8CCB-A9BAEF544E2E}.Debug|Any CPU.ActiveCfg = Debug|Any CPU
		{C3D4444A-72DB-4BF9-8CCB-A9BAEF544E2E}.Debug|Any CPU.Build.0 = Debug|Any CPU
		{C3D4444A-72DB-4BF9-8CCB-A9BAEF544E2E}.Release|Any CPU.ActiveCfg = Release|Any CPU
		{C3D4444A-72DB-4BF9-8CCB-A9BAEF544E2E}.Release|Any CPU.Build.0 = Release|Any CPU
		{CB59ECC0-3A33-4195-A0C7-21A8D9B42830}.Debug|Any CPU.ActiveCfg = Debug|Any CPU
		{CB59ECC0-3A33-4195-A0C7-21A8D9B42830}.Debug|Any CPU.Build.0 = Debug|Any CPU
		{CB59ECC0-3A33-4195-A0C7-21A8D9B42830}.Release|Any CPU.ActiveCfg = Release|Any CPU
		{CB59ECC0-3A33-4195-A0C7-21A8D9B42830}.Release|Any CPU.Build.0 = Release|Any CPU
	EndGlobalSection
	GlobalSection(SolutionProperties) = preSolution
		HideSolutionNode = FALSE
	EndGlobalSection
	GlobalSection(ExtensibilityGlobals) = postSolution
		SolutionGuid = {EC45D345-BCCF-4199-AD10-E78CA847D72A}
	EndGlobalSection
EndGlobal
